
Microsoft Visual Studio Solution File, Format Version 11.00
# Visual Studio 2010
Project("{FAE04EC0-301F-11D3-BF4B-00C04F79EFBC}") = "HrSrcFinal", "HrSrc\HrSrcFinal.csproj", "{FFB4B3FF-ED5B-4100-8D9A-130098B9DEDC}"
EndProject
Global
	GlobalSection(SolutionConfigurationPlatforms) = preSolution
		Debug|Any CPU = Debug|Any CPU
		Release|Any CPU = Release|Any CPU
	EndGlobalSection
	GlobalSection(ProjectConfigurationPlatforms) = postSolution
		{FFB4B3FF-ED5B-4100-8D9A-130098B9DEDC}.Debug|Any CPU.ActiveCfg = Debug|Any CPU
		{FFB4B3FF-ED5B-4100-8D9A-130098B9DEDC}.Debug|Any CPU.Build.0 = Debug|Any CPU
		{FFB4B3FF-ED5B-4100-8D9A-130098B9DEDC}.Release|Any CPU.ActiveCfg = Release|Any CPU
		{FFB4B3FF-ED5B-4100-8D9A-130098B9DEDC}.Release|Any CPU.Build.0 = Release|Any CPU
	EndGlobalSection
	GlobalSection(SolutionProperties) = preSolution
		HideSolutionNode = FALSE
	EndGlobalSection
EndGlobal
